// !$*UTF8*$!
{
	archiveVersion = 1;
	classes = {
	};
	objectVersion = 46;
	objects = {

/* Begin PBXBuildFile section */
		3339F5B51925251000BAB927 /* Reachability.m in Sources */ = {isa = PBXBuildFile; fileRef = 3339F5B41925251000BAB927 /* Reachability.m */; };
		3360D7C6191BD2A600A76398 /* VSAddVehicleController.m in Sources */ = {isa = PBXBuildFile; fileRef = 3360D7C5191BD2A600A76398 /* VSAddVehicleController.m */; };
		3360D7C9191BFA5500A76398 /* VSVehicleInfo.m in Sources */ = {isa = PBXBuildFile; fileRef = 3360D7C8191BFA5500A76398 /* VSVehicleInfo.m */; };
		3360D7CC191BFB7700A76398 /* VSVehicles.m in Sources */ = {isa = PBXBuildFile; fileRef = 3360D7CB191BFB7700A76398 /* VSVehicles.m */; };
		3366DC32191AF1410062E4E0 /* Accounts.framework in Frameworks */ = {isa = PBXBuildFile; fileRef = 3366DC31191AF1410062E4E0 /* Accounts.framework */; };
		3366DC34191AF16E0062E4E0 /* Twitter.framework in Frameworks */ = {isa = PBXBuildFile; fileRef = 3366DC33191AF16E0062E4E0 /* Twitter.framework */; };
		3366DC36191AF3390062E4E0 /* Social.framework in Frameworks */ = {isa = PBXBuildFile; fileRef = 3366DC35191AF3390062E4E0 /* Social.framework */; };
		33AC1343191869AC00C1E47A /* Foundation.framework in Frameworks */ = {isa = PBXBuildFile; fileRef = 33AC1342191869AC00C1E47A /* Foundation.framework */; };
		33AC1345191869AC00C1E47A /* CoreGraphics.framework in Frameworks */ = {isa = PBXBuildFile; fileRef = 33AC1344191869AC00C1E47A /* CoreGraphics.framework */; };
		33AC1347191869AC00C1E47A /* UIKit.framework in Frameworks */ = {isa = PBXBuildFile; fileRef = 33AC1346191869AC00C1E47A /* UIKit.framework */; };
		33AC134D191869AC00C1E47A /* InfoPlist.strings in Resources */ = {isa = PBXBuildFile; fileRef = 33AC134B191869AC00C1E47A /* InfoPlist.strings */; };
		33AC134F191869AC00C1E47A /* main.m in Sources */ = {isa = PBXBuildFile; fileRef = 33AC134E191869AC00C1E47A /* main.m */; };
		33AC1353191869AC00C1E47A /* VSAppDelegate.m in Sources */ = {isa = PBXBuildFile; fileRef = 33AC1352191869AC00C1E47A /* VSAppDelegate.m */; };
		33AC1356191869AC00C1E47A /* Main.storyboard in Resources */ = {isa = PBXBuildFile; fileRef = 33AC1354191869AC00C1E47A /* Main.storyboard */; };
		33AC1359191869AC00C1E47A /* VSViewController.m in Sources */ = {isa = PBXBuildFile; fileRef = 33AC1358191869AC00C1E47A /* VSViewController.m */; };
		33AC135B191869AC00C1E47A /* Images.xcassets in Resources */ = {isa = PBXBuildFile; fileRef = 33AC135A191869AC00C1E47A /* Images.xcassets */; };
		33AC1362191869AC00C1E47A /* XCTest.framework in Frameworks */ = {isa = PBXBuildFile; fileRef = 33AC1361191869AC00C1E47A /* XCTest.framework */; };
		33AC1363191869AC00C1E47A /* Foundation.framework in Frameworks */ = {isa = PBXBuildFile; fileRef = 33AC1342191869AC00C1E47A /* Foundation.framework */; };
		33AC1364191869AC00C1E47A /* UIKit.framework in Frameworks */ = {isa = PBXBuildFile; fileRef = 33AC1346191869AC00C1E47A /* UIKit.framework */; };
		33AC136C191869AC00C1E47A /* InfoPlist.strings in Resources */ = {isa = PBXBuildFile; fileRef = 33AC136A191869AC00C1E47A /* InfoPlist.strings */; };
		33AC136E191869AC00C1E47A /* LogItTests.m in Sources */ = {isa = PBXBuildFile; fileRef = 33AC136D191869AC00C1E47A /* LogItTests.m */; };
		33AC137819186ABB00C1E47A /* Parse.framework in Frameworks */ = {isa = PBXBuildFile; fileRef = 33AC137719186ABB00C1E47A /* Parse.framework */; };
		33AC137A19186C3100C1E47A /* AudioToolbox.framework in Frameworks */ = {isa = PBXBuildFile; fileRef = 33AC137919186C3100C1E47A /* AudioToolbox.framework */; };
		33AC137C19186C3600C1E47A /* CFNetwork.framework in Frameworks */ = {isa = PBXBuildFile; fileRef = 33AC137B19186C3600C1E47A /* CFNetwork.framework */; };
		33AC137E19186C4200C1E47A /* CoreLocation.framework in Frameworks */ = {isa = PBXBuildFile; fileRef = 33AC137D19186C4200C1E47A /* CoreLocation.framework */; };
		33AC138019186C4A00C1E47A /* libz.dylib in Frameworks */ = {isa = PBXBuildFile; fileRef = 33AC137F19186C4A00C1E47A /* libz.dylib */; };
		33AC138219186C5100C1E47A /* MobileCoreServices.framework in Frameworks */ = {isa = PBXBuildFile; fileRef = 33AC138119186C5100C1E47A /* MobileCoreServices.framework */; };
		33AC138419186C5700C1E47A /* QuartzCore.framework in Frameworks */ = {isa = PBXBuildFile; fileRef = 33AC138319186C5700C1E47A /* QuartzCore.framework */; };
		33AC138619186C5C00C1E47A /* Security.framework in Frameworks */ = {isa = PBXBuildFile; fileRef = 33AC138519186C5C00C1E47A /* Security.framework */; };
		33AC138819186C6200C1E47A /* StoreKit.framework in Frameworks */ = {isa = PBXBuildFile; fileRef = 33AC138719186C6200C1E47A /* StoreKit.framework */; };
		33AC138A19186C6700C1E47A /* SystemConfiguration.framework in Frameworks */ = {isa = PBXBuildFile; fileRef = 33AC138919186C6700C1E47A /* SystemConfiguration.framework */; };
		33CE9A8D1922496700173A0E /* VSVehicleDetailsController.m in Sources */ = {isa = PBXBuildFile; fileRef = 33CE9A8C1922496700173A0E /* VSVehicleDetailsController.m */; };
/* End PBXBuildFile section */

/* Begin PBXContainerItemProxy section */
		33AC1365191869AC00C1E47A /* PBXContainerItemProxy */ = {
			isa = PBXContainerItemProxy;
			containerPortal = 33AC1337191869AC00C1E47A /* Project object */;
			proxyType = 1;
			remoteGlobalIDString = 33AC133E191869AC00C1E47A;
			remoteInfo = LogIt;
		};
/* End PBXContainerItemProxy section */

/* Begin PBXFileReference section */
		3339F5B31925251000BAB927 /* Reachability.h */ = {isa = PBXFileReference; fileEncoding = 4; lastKnownFileType = sourcecode.c.h; path = Reachability.h; sourceTree = "<group>"; };
		3339F5B41925251000BAB927 /* Reachability.m */ = {isa = PBXFileReference; fileEncoding = 4; lastKnownFileType = sourcecode.c.objc; path = Reachability.m; sourceTree = "<group>"; };
		3360D7C4191BD2A600A76398 /* VSAddVehicleController.h */ = {isa = PBXFileReference; fileEncoding = 4; lastKnownFileType = sourcecode.c.h; path = VSAddVehicleController.h; sourceTree = "<group>"; };
		3360D7C5191BD2A600A76398 /* VSAddVehicleController.m */ = {isa = PBXFileReference; fileEncoding = 4; lastKnownFileType = sourcecode.c.objc; path = VSAddVehicleController.m; sourceTree = "<group>"; };
		3360D7C7191BFA5500A76398 /* VSVehicleInfo.h */ = {isa = PBXFileReference; fileEncoding = 4; lastKnownFileType = sourcecode.c.h; path = VSVehicleInfo.h; sourceTree = "<group>"; };
		3360D7C8191BFA5500A76398 /* VSVehicleInfo.m */ = {isa = PBXFileReference; fileEncoding = 4; lastKnownFileType = sourcecode.c.objc; path = VSVehicleInfo.m; sourceTree = "<group>"; };
		3360D7CA191BFB7700A76398 /* VSVehicles.h */ = {isa = PBXFileReference; fileEncoding = 4; lastKnownFileType = sourcecode.c.h; path = VSVehicles.h; sourceTree = "<group>"; };
		3360D7CB191BFB7700A76398 /* VSVehicles.m */ = {isa = PBXFileReference; fileEncoding = 4; lastKnownFileType = sourcecode.c.objc; path = VSVehicles.m; sourceTree = "<group>"; };
		3366DC31191AF1410062E4E0 /* Accounts.framework */ = {isa = PBXFileReference; lastKnownFileType = wrapper.framework; name = Accounts.framework; path = System/Library/Frameworks/Accounts.framework; sourceTree = SDKROOT; };
		3366DC33191AF16E0062E4E0 /* Twitter.framework */ = {isa = PBXFileReference; lastKnownFileType = wrapper.framework; name = Twitter.framework; path = System/Library/Frameworks/Twitter.framework; sourceTree = SDKROOT; };
		3366DC35191AF3390062E4E0 /* Social.framework */ = {isa = PBXFileReference; lastKnownFileType = wrapper.framework; name = Social.framework; path = System/Library/Frameworks/Social.framework; sourceTree = SDKROOT; };
		33AC133F191869AC00C1E47A /* LogIt.app */ = {isa = PBXFileReference; explicitFileType = wrapper.application; includeInIndex = 0; path = LogIt.app; sourceTree = BUILT_PRODUCTS_DIR; };
		33AC1342191869AC00C1E47A /* Foundation.framework */ = {isa = PBXFileReference; lastKnownFileType = wrapper.framework; name = Foundation.framework; path = System/Library/Frameworks/Foundation.framework; sourceTree = SDKROOT; };
		33AC1344191869AC00C1E47A /* CoreGraphics.framework */ = {isa = PBXFileReference; lastKnownFileType = wrapper.framework; name = CoreGraphics.framework; path = System/Library/Frameworks/CoreGraphics.framework; sourceTree = SDKROOT; };
		33AC1346191869AC00C1E47A /* UIKit.framework */ = {isa = PBXFileReference; lastKnownFileType = wrapper.framework; name = UIKit.framework; path = System/Library/Frameworks/UIKit.framework; sourceTree = SDKROOT; };
		33AC134A191869AC00C1E47A /* LogIt-Info.plist */ = {isa = PBXFileReference; lastKnownFileType = text.plist.xml; path = "LogIt-Info.plist"; sourceTree = "<group>"; };
		33AC134C191869AC00C1E47A /* en */ = {isa = PBXFileReference; lastKnownFileType = text.plist.strings; name = en; path = en.lproj/InfoPlist.strings; sourceTree = "<group>"; };
		33AC134E191869AC00C1E47A /* main.m */ = {isa = PBXFileReference; lastKnownFileType = sourcecode.c.objc; path = main.m; sourceTree = "<group>"; };
		33AC1350191869AC00C1E47A /* LogIt-Prefix.pch */ = {isa = PBXFileReference; lastKnownFileType = sourcecode.c.h; path = "LogIt-Prefix.pch"; sourceTree = "<group>"; };
		33AC1351191869AC00C1E47A /* VSAppDelegate.h */ = {isa = PBXFileReference; lastKnownFileType = sourcecode.c.h; path = VSAppDelegate.h; sourceTree = "<group>"; };
		33AC1352191869AC00C1E47A /* VSAppDelegate.m */ = {isa = PBXFileReference; lastKnownFileType = sourcecode.c.objc; path = VSAppDelegate.m; sourceTree = "<group>"; };
		33AC1355191869AC00C1E47A /* Base */ = {isa = PBXFileReference; lastKnownFileType = file.storyboard; name = Base; path = Base.lproj/Main.storyboard; sourceTree = "<group>"; };
		33AC1357191869AC00C1E47A /* VSViewController.h */ = {isa = PBXFileReference; lastKnownFileType = sourcecode.c.h; path = VSViewController.h; sourceTree = "<group>"; };
		33AC1358191869AC00C1E47A /* VSViewController.m */ = {isa = PBXFileReference; lastKnownFileType = sourcecode.c.objc; path = VSViewController.m; sourceTree = "<group>"; };
		33AC135A191869AC00C1E47A /* Images.xcassets */ = {isa = PBXFileReference; lastKnownFileType = folder.assetcatalog; path = Images.xcassets; sourceTree = "<group>"; };
		33AC1360191869AC00C1E47A /* LogItTests.xctest */ = {isa = PBXFileReference; explicitFileType = wrapper.cfbundle; includeInIndex = 0; path = LogItTests.xctest; sourceTree = BUILT_PRODUCTS_DIR; };
		33AC1361191869AC00C1E47A /* XCTest.framework */ = {isa = PBXFileReference; lastKnownFileType = wrapper.framework; name = XCTest.framework; path = Library/Frameworks/XCTest.framework; sourceTree = DEVELOPER_DIR; };
		33AC1369191869AC00C1E47A /* LogItTests-Info.plist */ = {isa = PBXFileReference; lastKnownFileType = text.plist.xml; path = "LogItTests-Info.plist"; sourceTree = "<group>"; };
		33AC136B191869AC00C1E47A /* en */ = {isa = PBXFileReference; lastKnownFileType = text.plist.strings; name = en; path = en.lproj/InfoPlist.strings; sourceTree = "<group>"; };
		33AC136D191869AC00C1E47A /* LogItTests.m */ = {isa = PBXFileReference; lastKnownFileType = sourcecode.c.objc; path = LogItTests.m; sourceTree = "<group>"; };
		33AC137719186ABB00C1E47A /* Parse.framework */ = {isa = PBXFileReference; lastKnownFileType = wrapper.framework; path = Parse.framework; sourceTree = "<group>"; };
		33AC137919186C3100C1E47A /* AudioToolbox.framework */ = {isa = PBXFileReference; lastKnownFileType = wrapper.framework; name = AudioToolbox.framework; path = System/Library/Frameworks/AudioToolbox.framework; sourceTree = SDKROOT; };
		33AC137B19186C3600C1E47A /* CFNetwork.framework */ = {isa = PBXFileReference; lastKnownFileType = wrapper.framework; name = CFNetwork.framework; path = System/Library/Frameworks/CFNetwork.framework; sourceTree = SDKROOT; };
		33AC137D19186C4200C1E47A /* CoreLocation.framework */ = {isa = PBXFileReference; lastKnownFileType = wrapper.framework; name = CoreLocation.framework; path = System/Library/Frameworks/CoreLocation.framework; sourceTree = SDKROOT; };
		33AC137F19186C4A00C1E47A /* libz.dylib */ = {isa = PBXFileReference; lastKnownFileType = "compiled.mach-o.dylib"; name = libz.dylib; path = usr/lib/libz.dylib; sourceTree = SDKROOT; };
		33AC138119186C5100C1E47A /* MobileCoreServices.framework */ = {isa = PBXFileReference; lastKnownFileType = wrapper.framework; name = MobileCoreServices.framework; path = System/Library/Frameworks/MobileCoreServices.framework; sourceTree = SDKROOT; };
		33AC138319186C5700C1E47A /* QuartzCore.framework */ = {isa = PBXFileReference; lastKnownFileType = wrapper.framework; name = QuartzCore.framework; path = System/Library/Frameworks/QuartzCore.framework; sourceTree = SDKROOT; };
		33AC138519186C5C00C1E47A /* Security.framework */ = {isa = PBXFileReference; lastKnownFileType = wrapper.framework; name = Security.framework; path = System/Library/Frameworks/Security.framework; sourceTree = SDKROOT; };
		33AC138719186C6200C1E47A /* StoreKit.framework */ = {isa = PBXFileReference; lastKnownFileType = wrapper.framework; name = StoreKit.framework; path = System/Library/Frameworks/StoreKit.framework; sourceTree = SDKROOT; };
		33AC138919186C6700C1E47A /* SystemConfiguration.framework */ = {isa = PBXFileReference; lastKnownFileType = wrapper.framework; name = SystemConfiguration.framework; path = System/Library/Frameworks/SystemConfiguration.framework; sourceTree = SDKROOT; };
		33CE9A8B1922496700173A0E /* VSVehicleDetailsController.h */ = {isa = PBXFileReference; fileEncoding = 4; lastKnownFileType = sourcecode.c.h; path = VSVehicleDetailsController.h; sourceTree = "<group>"; };
		33CE9A8C1922496700173A0E /* VSVehicleDetailsController.m */ = {isa = PBXFileReference; fileEncoding = 4; lastKnownFileType = sourcecode.c.objc; path = VSVehicleDetailsController.m; sourceTree = "<group>"; };
/* End PBXFileReference section */

/* Begin PBXFrameworksBuildPhase section */
		33AC133C191869AC00C1E47A /* Frameworks */ = {
			isa = PBXFrameworksBuildPhase;
			buildActionMask = 2147483647;
			files = (
				3366DC36191AF3390062E4E0 /* Social.framework in Frameworks */,
				3366DC34191AF16E0062E4E0 /* Twitter.framework in Frameworks */,
				3366DC32191AF1410062E4E0 /* Accounts.framework in Frameworks */,
				33AC138A19186C6700C1E47A /* SystemConfiguration.framework in Frameworks */,
				33AC138819186C6200C1E47A /* StoreKit.framework in Frameworks */,
				33AC138619186C5C00C1E47A /* Security.framework in Frameworks */,
				33AC138419186C5700C1E47A /* QuartzCore.framework in Frameworks */,
				33AC138219186C5100C1E47A /* MobileCoreServices.framework in Frameworks */,
				33AC138019186C4A00C1E47A /* libz.dylib in Frameworks */,
				33AC137E19186C4200C1E47A /* CoreLocation.framework in Frameworks */,
				33AC1345191869AC00C1E47A /* CoreGraphics.framework in Frameworks */,
				33AC137C19186C3600C1E47A /* CFNetwork.framework in Frameworks */,
				33AC137A19186C3100C1E47A /* AudioToolbox.framework in Frameworks */,
				33AC1347191869AC00C1E47A /* UIKit.framework in Frameworks */,
				33AC137819186ABB00C1E47A /* Parse.framework in Frameworks */,
				33AC1343191869AC00C1E47A /* Foundation.framework in Frameworks */,
			);
			runOnlyForDeploymentPostprocessing = 0;
		};
		33AC135D191869AC00C1E47A /* Frameworks */ = {
			isa = PBXFrameworksBuildPhase;
			buildActionMask = 2147483647;
			files = (
				33AC1362191869AC00C1E47A /* XCTest.framework in Frameworks */,
				33AC1364191869AC00C1E47A /* UIKit.framework in Frameworks */,
				33AC1363191869AC00C1E47A /* Foundation.framework in Frameworks */,
			);
			runOnlyForDeploymentPostprocessing = 0;
		};
/* End PBXFrameworksBuildPhase section */

/* Begin PBXGroup section */
		33AC1336191869AC00C1E47A = {
			isa = PBXGroup;
			children = (
				33AC1348191869AC00C1E47A /* LogIt */,
				33AC1367191869AC00C1E47A /* LogItTests */,
				33AC1341191869AC00C1E47A /* Frameworks */,
				33AC1340191869AC00C1E47A /* Products */,
			);
			sourceTree = "<group>";
		};
		33AC1340191869AC00C1E47A /* Products */ = {
			isa = PBXGroup;
			children = (
				33AC133F191869AC00C1E47A /* LogIt.app */,
				33AC1360191869AC00C1E47A /* LogItTests.xctest */,
			);
			name = Products;
			sourceTree = "<group>";
		};
		33AC1341191869AC00C1E47A /* Frameworks */ = {
			isa = PBXGroup;
			children = (
				3366DC35191AF3390062E4E0 /* Social.framework */,
				3366DC33191AF16E0062E4E0 /* Twitter.framework */,
				3366DC31191AF1410062E4E0 /* Accounts.framework */,
				33AC138919186C6700C1E47A /* SystemConfiguration.framework */,
				33AC138719186C6200C1E47A /* StoreKit.framework */,
				33AC138519186C5C00C1E47A /* Security.framework */,
				33AC138319186C5700C1E47A /* QuartzCore.framework */,
				33AC138119186C5100C1E47A /* MobileCoreServices.framework */,
				33AC137F19186C4A00C1E47A /* libz.dylib */,
				33AC137D19186C4200C1E47A /* CoreLocation.framework */,
				33AC137B19186C3600C1E47A /* CFNetwork.framework */,
				33AC137919186C3100C1E47A /* AudioToolbox.framework */,
				33AC137719186ABB00C1E47A /* Parse.framework */,
				33AC1342191869AC00C1E47A /* Foundation.framework */,
				33AC1344191869AC00C1E47A /* CoreGraphics.framework */,
				33AC1346191869AC00C1E47A /* UIKit.framework */,
				33AC1361191869AC00C1E47A /* XCTest.framework */,
			);
			name = Frameworks;
			sourceTree = "<group>";
		};
		33AC1348191869AC00C1E47A /* LogIt */ = {
			isa = PBXGroup;
			children = (
				33AC1354191869AC00C1E47A /* Main.storyboard */,
				33CE9A8A192247D000173A0E /* AppDelegate */,
				33CE9A89192247C000173A0E /* Controllers */,
				33CE9A88192247B400173A0E /* Models */,
				33AC135A191869AC00C1E47A /* Images.xcassets */,
				33AC1349191869AC00C1E47A /* Supporting Files */,
			);
			path = LogIt;
			sourceTree = "<group>";
		};
		33AC1349191869AC00C1E47A /* Supporting Files */ = {
			isa = PBXGroup;
			children = (
				33AC134A191869AC00C1E47A /* LogIt-Info.plist */,
				33AC134B191869AC00C1E47A /* InfoPlist.strings */,
				33AC134E191869AC00C1E47A /* main.m */,
				33AC1350191869AC00C1E47A /* LogIt-Prefix.pch */,
			);
			name = "Supporting Files";
			sourceTree = "<group>";
		};
		33AC1367191869AC00C1E47A /* LogItTests */ = {
			isa = PBXGroup;
			children = (
				33AC136D191869AC00C1E47A /* LogItTests.m */,
				33AC1368191869AC00C1E47A /* Supporting Files */,
			);
			path = LogItTests;
			sourceTree = "<group>";
		};
		33AC1368191869AC00C1E47A /* Supporting Files */ = {
			isa = PBXGroup;
			children = (
				33AC1369191869AC00C1E47A /* LogItTests-Info.plist */,
				33AC136A191869AC00C1E47A /* InfoPlist.strings */,
			);
			name = "Supporting Files";
			sourceTree = "<group>";
		};
		33CE9A88192247B400173A0E /* Models */ = {
			isa = PBXGroup;
			children = (
				3339F5B31925251000BAB927 /* Reachability.h */,
				3339F5B41925251000BAB927 /* Reachability.m */,
				3360D7C7191BFA5500A76398 /* VSVehicleInfo.h */,
				3360D7C8191BFA5500A76398 /* VSVehicleInfo.m */,
				3360D7CA191BFB7700A76398 /* VSVehicles.h */,
				3360D7CB191BFB7700A76398 /* VSVehicles.m */,
			);
			name = Models;
			sourceTree = "<group>";
		};
		33CE9A89192247C000173A0E /* Controllers */ = {
			isa = PBXGroup;
			children = (
				33AC1357191869AC00C1E47A /* VSViewController.h */,
				33AC1358191869AC00C1E47A /* VSViewController.m */,
				3360D7C4191BD2A600A76398 /* VSAddVehicleController.h */,
				3360D7C5191BD2A600A76398 /* VSAddVehicleController.m */,
				33CE9A8B1922496700173A0E /* VSVehicleDetailsController.h */,
				33CE9A8C1922496700173A0E /* VSVehicleDetailsController.m */,
			);
			name = Controllers;
			sourceTree = "<group>";
		};
		33CE9A8A192247D000173A0E /* AppDelegate */ = {
			isa = PBXGroup;
			children = (
				33AC1351191869AC00C1E47A /* VSAppDelegate.h */,
				33AC1352191869AC00C1E47A /* VSAppDelegate.m */,
			);
			name = AppDelegate;
			sourceTree = "<group>";
		};
/* End PBXGroup section */

/* Begin PBXNativeTarget section */
		33AC133E191869AC00C1E47A /* LogIt */ = {
			isa = PBXNativeTarget;
			buildConfigurationList = 33AC1371191869AC00C1E47A /* Build configuration list for PBXNativeTarget "LogIt" */;
			buildPhases = (
				33AC133B191869AC00C1E47A /* Sources */,
				33AC133C191869AC00C1E47A /* Frameworks */,
				33AC133D191869AC00C1E47A /* Resources */,
			);
			buildRules = (
			);
			dependencies = (
			);
			name = LogIt;
			productName = LogIt;
			productReference = 33AC133F191869AC00C1E47A /* LogIt.app */;
			productType = "com.apple.product-type.application";
		};
		33AC135F191869AC00C1E47A /* LogItTests */ = {
			isa = PBXNativeTarget;
			buildConfigurationList = 33AC1374191869AC00C1E47A /* Build configuration list for PBXNativeTarget "LogItTests" */;
			buildPhases = (
				33AC135C191869AC00C1E47A /* Sources */,
				33AC135D191869AC00C1E47A /* Frameworks */,
				33AC135E191869AC00C1E47A /* Resources */,
			);
			buildRules = (
			);
			dependencies = (
				33AC1366191869AC00C1E47A /* PBXTargetDependency */,
			);
			name = LogItTests;
			productName = LogItTests;
			productReference = 33AC1360191869AC00C1E47A /* LogItTests.xctest */;
			productType = "com.apple.product-type.bundle.unit-test";
		};
/* End PBXNativeTarget section */

/* Begin PBXProject section */
		33AC1337191869AC00C1E47A /* Project object */ = {
			isa = PBXProject;
			attributes = {
				CLASSPREFIX = VS;
				LastUpgradeCheck = 0510;
				ORGANIZATIONNAME = "Dale Tupling";
				TargetAttributes = {
					33AC135F191869AC00C1E47A = {
						TestTargetID = 33AC133E191869AC00C1E47A;
					};
				};
			};
			buildConfigurationList = 33AC133A191869AC00C1E47A /* Build configuration list for PBXProject "LogIt" */;
			compatibilityVersion = "Xcode 3.2";
			developmentRegion = English;
			hasScannedForEncodings = 0;
			knownRegions = (
				en,
				Base,
			);
			mainGroup = 33AC1336191869AC00C1E47A;
			productRefGroup = 33AC1340191869AC00C1E47A /* Products */;
			projectDirPath = "";
			projectRoot = "";
			targets = (
				33AC133E191869AC00C1E47A /* LogIt */,
				33AC135F191869AC00C1E47A /* LogItTests */,
			);
		};
/* End PBXProject section */

/* Begin PBXResourcesBuildPhase section */
		33AC133D191869AC00C1E47A /* Resources */ = {
			isa = PBXResourcesBuildPhase;
			buildActionMask = 2147483647;
			files = (
				33AC135B191869AC00C1E47A /* Images.xcassets in Resources */,
				33AC134D191869AC00C1E47A /* InfoPlist.strings in Resources */,
				33AC1356191869AC00C1E47A /* Main.storyboard in Resources */,
			);
			runOnlyForDeploymentPostprocessing = 0;
		};
		33AC135E191869AC00C1E47A /* Resources */ = {
			isa = PBXResourcesBuildPhase;
			buildActionMask = 2147483647;
			files = (
				33AC136C191869AC00C1E47A /* InfoPlist.strings in Resources */,
			);
			runOnlyForDeploymentPostprocessing = 0;
		};
/* End PBXResourcesBuildPhase section */

/* Begin PBXSourcesBuildPhase section */
		33AC133B191869AC00C1E47A /* Sources */ = {
			isa = PBXSourcesBuildPhase;
			buildActionMask = 2147483647;
			files = (
				33AC1359191869AC00C1E47A /* VSViewController.m in Sources */,
				3360D7CC191BFB7700A76398 /* VSVehicles.m in Sources */,
				3339F5B51925251000BAB927 /* Reachability.m in Sources */,
				3360D7C6191BD2A600A76398 /* VSAddVehicleController.m in Sources */,
				3360D7C9191BFA5500A76398 /* VSVehicleInfo.m in Sources */,
				33CE9A8D1922496700173A0E /* VSVehicleDetailsController.m in Sources */,
				33AC134F191869AC00C1E47A /* main.m in Sources */,
				33AC1353191869AC00C1E47A /* VSAppDelegate.m in Sources */,
			);
			runOnlyForDeploymentPostprocessing = 0;
		};
		33AC135C191869AC00C1E47A /* Sources */ = {
			isa = PBXSourcesBuildPhase;
			buildActionMask = 2147483647;
			files = (
				33AC136E191869AC00C1E47A /* LogItTests.m in Sources */,
			);
			runOnlyForDeploymentPostprocessing = 0;
		};
/* End PBXSourcesBuildPhase section */

/* Begin PBXTargetDependency section */
		33AC1366191869AC00C1E47A /* PBXTargetDependency */ = {
			isa = PBXTargetDependency;
			target = 33AC133E191869AC00C1E47A /* LogIt */;
			targetProxy = 33AC1365191869AC00C1E47A /* PBXContainerItemProxy */;
		};
/* End PBXTargetDependency section */

/* Begin PBXVariantGroup section */
		33AC134B191869AC00C1E47A /* InfoPlist.strings */ = {
			isa = PBXVariantGroup;
			children = (
				33AC134C191869AC00C1E47A /* en */,
			);
			name = InfoPlist.strings;
			sourceTree = "<group>";
		};
		33AC1354191869AC00C1E47A /* Main.storyboard */ = {
			isa = PBXVariantGroup;
			children = (
				33AC1355191869AC00C1E47A /* Base */,
			);
			name = Main.storyboard;
			sourceTree = "<group>";
		};
		33AC136A191869AC00C1E47A /* InfoPlist.strings */ = {
			isa = PBXVariantGroup;
			children = (
				33AC136B191869AC00C1E47A /* en */,
			);
			name = InfoPlist.strings;
			sourceTree = "<group>";
		};
/* End PBXVariantGroup section */

/* Begin XCBuildConfiguration section */
		33AC136F191869AC00C1E47A /* Debug */ = {
			isa = XCBuildConfiguration;
			buildSettings = {
				ALWAYS_SEARCH_USER_PATHS = NO;
				CLANG_CXX_LANGUAGE_STANDARD = "gnu++0x";
				CLANG_CXX_LIBRARY = "libc++";
				CLANG_ENABLE_MODULES = YES;
				CLANG_ENABLE_OBJC_ARC = YES;
				CLANG_WARN_BOOL_CONVERSION = YES;
				CLANG_WARN_CONSTANT_CONVERSION = YES;
				CLANG_WARN_DIRECT_OBJC_ISA_USAGE = YES_ERROR;
				CLANG_WARN_EMPTY_BODY = YES;
				CLANG_WARN_ENUM_CONVERSION = YES;
				CLANG_WARN_INT_CONVERSION = YES;
				CLANG_WARN_OBJC_ROOT_CLASS = YES_ERROR;
				CLANG_WARN__DUPLICATE_METHOD_MATCH = YES;
				"CODE_SIGN_IDENTITY[sdk=iphoneos*]" = "iPhone Developer";
				COPY_PHASE_STRIP = NO;
				GCC_C_LANGUAGE_STANDARD = gnu99;
				GCC_DYNAMIC_NO_PIC = NO;
				GCC_OPTIMIZATION_LEVEL = 0;
				GCC_PREPROCESSOR_DEFINITIONS = (
					"DEBUG=1",
					"$(inherited)",
				);
				GCC_SYMBOLS_PRIVATE_EXTERN = NO;
				GCC_WARN_64_TO_32_BIT_CONVERSION = YES;
				GCC_WARN_ABOUT_RETURN_TYPE = YES_ERROR;
				GCC_WARN_UNDECLARED_SELECTOR = YES;
				GCC_WARN_UNINITIALIZED_AUTOS = YES_AGGRESSIVE;
				GCC_WARN_UNUSED_FUNCTION = YES;
				GCC_WARN_UNUSED_VARIABLE = YES;
				IPHONEOS_DEPLOYMENT_TARGET = 7.1;
				ONLY_ACTIVE_ARCH = YES;
				SDKROOT = iphoneos;
			};
			name = Debug;
		};
		33AC1370191869AC00C1E47A /* Release */ = {
			isa = XCBuildConfiguration;
			buildSettings = {
				ALWAYS_SEARCH_USER_PATHS = NO;
				CLANG_CXX_LANGUAGE_STANDARD = "gnu++0x";
				CLANG_CXX_LIBRARY = "libc++";
				CLANG_ENABLE_MODULES = YES;
				CLANG_ENABLE_OBJC_ARC = YES;
				CLANG_WARN_BOOL_CONVERSION = YES;
				CLANG_WARN_CONSTANT_CONVERSION = YES;
				CLANG_WARN_DIRECT_OBJC_ISA_USAGE = YES_ERROR;
				CLANG_WARN_EMPTY_BODY = YES;
				CLANG_WARN_ENUM_CONVERSION = YES;
				CLANG_WARN_INT_CONVERSION = YES;
				CLANG_WARN_OBJC_ROOT_CLASS = YES_ERROR;
				CLANG_WARN__DUPLICATE_METHOD_MATCH = YES;
				"CODE_SIGN_IDENTITY[sdk=iphoneos*]" = "iPhone Developer";
				COPY_PHASE_STRIP = YES;
				ENABLE_NS_ASSERTIONS = NO;
				GCC_C_LANGUAGE_STANDARD = gnu99;
				GCC_WARN_64_TO_32_BIT_CONVERSION = YES;
				GCC_WARN_ABOUT_RETURN_TYPE = YES_ERROR;
				GCC_WARN_UNDECLARED_SELECTOR = YES;
				GCC_WARN_UNINITIALIZED_AUTOS = YES_AGGRESSIVE;
				GCC_WARN_UNUSED_FUNCTION = YES;
				GCC_WARN_UNUSED_VARIABLE = YES;
				IPHONEOS_DEPLOYMENT_TARGET = 7.1;
				SDKROOT = iphoneos;
				VALIDATE_PRODUCT = YES;
			};
			name = Release;
		};
		33AC1372191869AC00C1E47A /* Debug */ = {
			isa = XCBuildConfiguration;
			buildSettings = {
				ASSETCATALOG_COMPILER_APPICON_NAME = AppIcon;
				ASSETCATALOG_COMPILER_LAUNCHIMAGE_NAME = LaunchImage;
				FRAMEWORK_SEARCH_PATHS = (
					"$(inherited)",
					"$(PROJECT_DIR)",
				);
				GCC_PRECOMPILE_PREFIX_HEADER = YES;
				GCC_PREFIX_HEADER = "LogIt/LogIt-Prefix.pch";
				INFOPLIST_FILE = "LogIt/LogIt-Info.plist";
				PRODUCT_NAME = "$(TARGET_NAME)";
				WRAPPER_EXTENSION = app;
			};
			name = Debug;
		};
		33AC1373191869AC00C1E47A /* Release */ = {
			isa = XCBuildConfiguration;
			buildSettings = {
				ASSETCATALOG_COMPILER_APPICON_NAME = AppIcon;
				ASSETCATALOG_COMPILER_LAUNCHIMAGE_NAME = LaunchImage;
				FRAMEWORK_SEARCH_PATHS = (
					"$(inherited)",
					"$(PROJECT_DIR)",
				);
				GCC_PRECOMPILE_PREFIX_HEADER = YES;
				GCC_PREFIX_HEADER = "LogIt/LogIt-Prefix.pch";
				INFOPLIST_FILE = "LogIt/LogIt-Info.plist";
				PRODUCT_NAME = "$(TARGET_NAME)";
				WRAPPER_EXTENSION = app;
			};
			name = Release;
		};
		33AC1375191869AC00C1E47A /* Debug */ = {
			isa = XCBuildConfiguration;
			buildSettings = {
				BUNDLE_LOADER = "$(BUILT_PRODUCTS_DIR)/LogIt.app/LogIt";
				FRAMEWORK_SEARCH_PATHS = (
					"$(SDKROOT)/Developer/Library/Frameworks",
					"$(inherited)",
					"$(DEVELOPER_FRAMEWORKS_DIR)",
				);
				GCC_PRECOMPILE_PREFIX_HEADER = YES;
				GCC_PREFIX_HEADER = "LogIt/LogIt-Prefix.pch";
				GCC_PREPROCESSOR_DEFINITIONS = (
					"DEBUG=1",
					"$(inherited)",
				);
				INFOPLIST_FILE = "LogItTests/LogItTests-Info.plist";
				PRODUCT_NAME = "$(TARGET_NAME)";
				TEST_HOST = "$(BUNDLE_LOADER)";
				WRAPPER_EXTENSION = xctest;
			};
			name = Debug;
		};
		33AC1376191869AC00C1E47A /* Release */ = {
			isa = XCBuildConfiguration;
			buildSettings = {
				BUNDLE_LOADER = "$(BUILT_PRODUCTS_DIR)/LogIt.app/LogIt";
				FRAMEWORK_SEARCH_PATHS = (
					"$(SDKROOT)/Developer/Library/Frameworks",
					"$(inherited)",
					"$(DEVELOPER_FRAMEWORKS_DIR)",
				);
				GCC_PRECOMPILE_PREFIX_HEADER = YES;
				GCC_PREFIX_HEADER = "LogIt/LogIt-Prefix.pch";
				INFOPLIST_FILE = "LogItTests/LogItTests-Info.plist";
				PRODUCT_NAME = "$(TARGET_NAME)";
				TEST_HOST = "$(BUNDLE_LOADER)";
				WRAPPER_EXTENSION = xctest;
			};
			name = Release;
		};
/* End XCBuildConfiguration section */

/* Begin XCConfigurationList section */
		33AC133A191869AC00C1E47A /* Build configuration list for PBXProject "LogIt" */ = {
			isa = XCConfigurationList;
			buildConfigurations = (
				33AC136F191869AC00C1E47A /* Debug */,
				33AC1370191869AC00C1E47A /* Release */,
			);
			defaultConfigurationIsVisible = 0;
			defaultConfigurationName = Release;
		};
		33AC1371191869AC00C1E47A /* Build configuration list for PBXNativeTarget "LogIt" */ = {
			isa = XCConfigurationList;
			buildConfigurations = (
				33AC1372191869AC00C1E47A /* Debug */,
				33AC1373191869AC00C1E47A /* Release */,
			);
			defaultConfigurationIsVisible = 0;
			defaultConfigurationName = Release;
		};
		33AC1374191869AC00C1E47A /* Build configuration list for PBXNativeTarget "LogItTests" */ = {
			isa = XCConfigurationList;
			buildConfigurations = (
				33AC1375191869AC00C1E47A /* Debug */,
				33AC1376191869AC00C1E47A /* Release */,
			);
			defaultConfigurationIsVisible = 0;
			defaultConfigurationName = Release;
		};
/* End XCConfigurationList section */
	};
	rootObject = 33AC1337191869AC00C1E47A /* Project object */;
}
